{"is_source_file": false, "format": null, "description": "", "external_files": [], "external_methods": [], "published": [], "classes": [], "methods": [], "calls": [], "search-terms": [], "state": 2, "file_id": 1, "knowledge_revision": 20, "git_revision": "fdddfc812a51756d9a85f8baf3c2a0178117a595", "filename": "/home/kavia/workspace/code-generation/mixmaster-102939-b128bcb9/mixmaster/post_process_status.lock", "hash": "9c4ed7ef73e22b872b8055bec08b8979", "format-version": 4, "code-base-name": "default", "revision_history": [{"20": "fdddfc812a51756d9a85f8baf3c2a0178117a595"}]}